
Microsoft Visual Studio Solution File, Format Version 12.00
# Visual Studio Version 17
VisualStudioVersion = 17.9.34728.123
MinimumVisualStudioVersion = 10.0.40219.1
Project("{FAE04EC0-301F-11D3-BF4B-00C04F79EFBC}") = "First.WebAPI", "First.WebAPI.csproj", "{AFC68E0F-0081-43D1-A505-11E073298F29}"
EndProject
Global
	GlobalSection(SolutionConfigurationPlatforms) = preSolution
		Debug|Any CPU = Debug|Any CPU
		Release|Any CPU = Release|Any CPU
	EndGlobalSection
	GlobalSection(ProjectConfigurationPlatforms) = postSolution
		{AFC68E0F-0081-43D1-A505-11E073298F29}.Debug|Any CPU.ActiveCfg = Debug|Any CPU
		{AFC68E0F-0081-43D1-A505-11E073298F29}.Debug|Any CPU.Build.0 = Debug|Any CPU
		{AFC68E0F-0081-43D1-A505-11E073298F29}.Release|Any CPU.ActiveCfg = Release|Any CPU
		{AFC68E0F-0081-43D1-A505-11E073298F29}.Release|Any CPU.Build.0 = Release|Any CPU
	EndGlobalSection
	GlobalSection(SolutionProperties) = preSolution
		HideSolutionNode = FALSE
	EndGlobalSection
	GlobalSection(ExtensibilityGlobals) = postSolution
		SolutionGuid = {316B68C1-2549-4F13-A08E-B7AFD88099DF}
	EndGlobalSection
EndGlobal
